
Microsoft Visual Studio Solution File, Format Version 12.00
# Visual Studio Version 17
VisualStudioVersion = 17.10.35013.160
MinimumVisualStudioVersion = 10.0.40219.1
Project("{FAE04EC0-301F-11D3-BF4B-00C04F79EFBC}") = "14.05", "14.05\14.05.csproj", "{3677AE93-A292-4002-907B-8B1D412D328A}"
EndProject
Project("{FAE04EC0-301F-11D3-BF4B-00C04F79EFBC}") = "Data", "Data\Data.csproj", "{CAFE138D-9993-4FEC-A931-790350D51AB0}"
EndProject
Global
	GlobalSection(SolutionConfigurationPlatforms) = preSolution
		Debug|Any CPU = Debug|Any CPU
		Release|Any CPU = Release|Any CPU
	EndGlobalSection
	GlobalSection(ProjectConfigurationPlatforms) = postSolution
		{3677AE93-A292-4002-907B-8B1D412D328A}.Debug|Any CPU.ActiveCfg = Debug|Any CPU
		{3677AE93-A292-4002-907B-8B1D412D328A}.Debug|Any CPU.Build.0 = Debug|Any CPU
		{3677AE93-A292-4002-907B-8B1D412D328A}.Release|Any CPU.ActiveCfg = Release|Any CPU
		{3677AE93-A292-4002-907B-8B1D412D328A}.Release|Any CPU.Build.0 = Release|Any CPU
		{CAFE138D-9993-4FEC-A931-790350D51AB0}.Debug|Any CPU.ActiveCfg = Debug|Any CPU
		{CAFE138D-9993-4FEC-A931-790350D51AB0}.Debug|Any CPU.Build.0 = Debug|Any CPU
		{CAFE138D-9993-4FEC-A931-790350D51AB0}.Release|Any CPU.ActiveCfg = Release|Any CPU
		{CAFE138D-9993-4FEC-A931-790350D51AB0}.Release|Any CPU.Build.0 = Release|Any CPU
	EndGlobalSection
	GlobalSection(SolutionProperties) = preSolution
		HideSolutionNode = FALSE
	EndGlobalSection
	GlobalSection(ExtensibilityGlobals) = postSolution
		SolutionGuid = {B1630768-15F7-432E-A574-19F08DCA471B}
	EndGlobalSection
EndGlobal
